PODS:
  - Alamofire (5.0.0-beta.3)
  - AlamofireObjectMapper (6.0.0):
    - Alamofire (~> 5.0.0-beta.2)
    - ObjectMapper (~> 3.4)
  - ObjectMapper (3.4.2)
  - "ObjectMapper+Realm (0.6)":
    - ObjectMapper
    - RealmSwift
  - Realm (3.15.0):
    - Realm/Headers (= 3.15.0)
  - Realm/Headers (3.15.0)
  - RealmSwift (3.15.0):
    - Realm (= 3.15.0)
  - SDWebImage (5.0.3):
    - SDWebImage/Core (= 5.0.3)
  - SDWebImage/Core (5.0.3)
  - SwiftKeychainWrapper (3.3.0)

DEPENDENCIES:
  - Alamofire (= 5.0.0-beta.3)
  - AlamofireObjectMapper
  - "ObjectMapper+Realm"
  - RealmSwift
  - SDWebImage
  - SwiftKeychainWrapper

SPEC REPOS:
  https://github.com/cocoapods/specs.git:
    - Alamofire
    - AlamofireObjectMapper
    - ObjectMapper
    - "ObjectMapper+Realm"
    - Realm
    - RealmSwift
    - SDWebImage
    - SwiftKeychainWrapper

SPEC CHECKSUMS:
  Alamofire: 50d6fa7e8cbe7f84559e86ab641ffd029db655f8
  AlamofireObjectMapper: 8cf0e01a1b36b485877033f8f6aa733977488da3
  ObjectMapper: 0d4402610f4e468903ae64629eec4784531e5c51
  "ObjectMapper+Realm": 4cf44ed3202a73f08594e21e13eb3f8aa9b5a664
  Realm: 9b834e1be6062f544805252c812348872dc5d4ed
  RealmSwift: 8a41886f8ab6efef9eb8df97de2f2bb911561a79
  SDWebImage: d4f87d7d36c8a4d9f9459dc282e0caa057fdf935
  SwiftKeychainWrapper: ef5ad793bc0e08e24a5913f28345b8f7bc8e4123

PODFILE CHECKSUM: 7890871e3b71e476ecef37d94d1a5ce421e06cd1

COCOAPODS: 1.6.1
